
Microsoft Visual Studio Solution File, Format Version 12.00
Project("{FAE04EC0-301F-11D3-BF4B-00C04F79EFBC}") = "CookTorrance_RobDavis_411Final", "CookTorrance_RobDavis_411Final\CookTorrance_RobDavis_411Final.csproj", "{F20F83FA-8A96-4E17-AEBC-C221939AEAD3}"
EndProject
Global
	GlobalSection(SolutionConfigurationPlatforms) = preSolution
		Debug|Any CPU = Debug|Any CPU
		Release|Any CPU = Release|Any CPU
	EndGlobalSection
	GlobalSection(ProjectConfigurationPlatforms) = postSolution
		{F20F83FA-8A96-4E17-AEBC-C221939AEAD3}.Debug|Any CPU.ActiveCfg = Debug|Any CPU
		{F20F83FA-8A96-4E17-AEBC-C221939AEAD3}.Debug|Any CPU.Build.0 = Debug|Any CPU
		{F20F83FA-8A96-4E17-AEBC-C221939AEAD3}.Release|Any CPU.ActiveCfg = Release|Any CPU
		{F20F83FA-8A96-4E17-AEBC-C221939AEAD3}.Release|Any CPU.Build.0 = Release|Any CPU
	EndGlobalSection
EndGlobal
